
Microsoft Visual Studio Solution File, Format Version 12.00
# Visual Studio Version 17
VisualStudioVersion = 17.14.36915.13 d17.14
MinimumVisualStudioVersion = 10.0.40219.1
Project("{FAE04EC0-301F-11D3-BF4B-00C04F79EFBC}") = "MVP scope e-shop API", "MVP scope e-shop API.csproj", "{5592CE08-2F90-4C8D-AFD1-F79D1A10B5C2}"
EndProject
Global
	GlobalSection(SolutionConfigurationPlatforms) = preSolution
		Debug|Any CPU = Debug|Any CPU
		Release|Any CPU = Release|Any CPU
	EndGlobalSection
	GlobalSection(ProjectConfigurationPlatforms) = postSolution
		{5592CE08-2F90-4C8D-AFD1-F79D1A10B5C2}.Debug|Any CPU.ActiveCfg = Debug|Any CPU
		{5592CE08-2F90-4C8D-AFD1-F79D1A10B5C2}.Debug|Any CPU.Build.0 = Debug|Any CPU
		{5592CE08-2F90-4C8D-AFD1-F79D1A10B5C2}.Release|Any CPU.ActiveCfg = Release|Any CPU
		{5592CE08-2F90-4C8D-AFD1-F79D1A10B5C2}.Release|Any CPU.Build.0 = Release|Any CPU
	EndGlobalSection
	GlobalSection(SolutionProperties) = preSolution
		HideSolutionNode = FALSE
	EndGlobalSection
	GlobalSection(ExtensibilityGlobals) = postSolution
		SolutionGuid = {9D6981C1-428E-4AEE-9353-44F57755E04F}
	EndGlobalSection
EndGlobal
